
Microsoft Visual Studio Solution File, Format Version 12.00
# Visual Studio Version 17
VisualStudioVersion = 17.10.35027.167
MinimumVisualStudioVersion = 10.0.40219.1
Project("{FAE04EC0-301F-11D3-BF4B-00C04F79EFBC}") = "Ejemplo1", "Ejemplo1.csproj", "{A86D9E0F-F71E-4FA6-A45C-57513BBD752D}"
EndProject
Project("{FAE04EC0-301F-11D3-BF4B-00C04F79EFBC}") = "Ejemplo2", "..\Ejemplo2\Ejemplo2.csproj", "{707C1770-33F8-4223-BC15-9F30D2AF427F}"
EndProject
Global
	GlobalSection(SolutionConfigurationPlatforms) = preSolution
		Debug|Any CPU = Debug|Any CPU
		Release|Any CPU = Release|Any CPU
	EndGlobalSection
	GlobalSection(ProjectConfigurationPlatforms) = postSolution
		{A86D9E0F-F71E-4FA6-A45C-57513BBD752D}.Debug|Any CPU.ActiveCfg = Debug|Any CPU
		{A86D9E0F-F71E-4FA6-A45C-57513BBD752D}.Debug|Any CPU.Build.0 = Debug|Any CPU
		{A86D9E0F-F71E-4FA6-A45C-57513BBD752D}.Release|Any CPU.ActiveCfg = Release|Any CPU
		{A86D9E0F-F71E-4FA6-A45C-57513BBD752D}.Release|Any CPU.Build.0 = Release|Any CPU
		{707C1770-33F8-4223-BC15-9F30D2AF427F}.Debug|Any CPU.ActiveCfg = Debug|Any CPU
		{707C1770-33F8-4223-BC15-9F30D2AF427F}.Debug|Any CPU.Build.0 = Debug|Any CPU
		{707C1770-33F8-4223-BC15-9F30D2AF427F}.Release|Any CPU.ActiveCfg = Release|Any CPU
		{707C1770-33F8-4223-BC15-9F30D2AF427F}.Release|Any CPU.Build.0 = Release|Any CPU
	EndGlobalSection
	GlobalSection(SolutionProperties) = preSolution
		HideSolutionNode = FALSE
	EndGlobalSection
	GlobalSection(ExtensibilityGlobals) = postSolution
		SolutionGuid = {F3C536C2-8D02-4193-8752-F96BE4096378}
	EndGlobalSection
EndGlobal
